
Microsoft Visual Studio Solution File, Format Version 12.00
# Visual Studio Version 16
VisualStudioVersion = 16.0.31019.35
MinimumVisualStudioVersion = 10.0.40219.1
Project("{FAE04EC0-301F-11D3-BF4B-00C04F79EFBC}") = "WebApp", "WebApp\WebApp.csproj", "{F5BED1BC-C46A-48BA-ADB7-CC285B40B385}"
EndProject
Global
	GlobalSection(SolutionConfigurationPlatforms) = preSolution
		Debug|Any CPU = Debug|Any CPU
		Release|Any CPU = Release|Any CPU
	EndGlobalSection
	GlobalSection(ProjectConfigurationPlatforms) = postSolution
		{F5BED1BC-C46A-48BA-ADB7-CC285B40B385}.Debug|Any CPU.ActiveCfg = Debug|Any CPU
		{F5BED1BC-C46A-48BA-ADB7-CC285B40B385}.Debug|Any CPU.Build.0 = Debug|Any CPU
		{F5BED1BC-C46A-48BA-ADB7-CC285B40B385}.Release|Any CPU.ActiveCfg = Release|Any CPU
		{F5BED1BC-C46A-48BA-ADB7-CC285B40B385}.Release|Any CPU.Build.0 = Release|Any CPU
	EndGlobalSection
	GlobalSection(SolutionProperties) = preSolution
		HideSolutionNode = FALSE
	EndGlobalSection
	GlobalSection(ExtensibilityGlobals) = postSolution
		SolutionGuid = {6E7DBE25-B3A4-434D-96C6-007125F71940}
	EndGlobalSection
EndGlobal
